{
    "_readme": [
        "This file locks the dependencies of your project to a known state",
        "Read more about it at https://getcomposer.org/doc/01-basic-usage.md#composer-lock-the-lock-file",
        "This file is @generated automatically"
    ],
    "content-hash": "0dc9a59b7c18e70e01437317b18a3d29",
    "packages": [
        {
            "name": "components/bootstrap",
            "version": "2.3.2",
            "source": {
                "type": "git",
                "url": "https://github.com/components/bootstrap.git",
                "reference": "4e517c991623b3bd913e2becd44831b2c9b0be90"
            },
            "dist": {
                "type": "zip",
                "url": "https://api.github.com/repos/components/bootstrap/zipball/4e517c991623b3bd913e2becd44831b2c9b0be90",
                "reference": "4e517c991623b3bd913e2becd44831b2c9b0be90",
                "shasum": ""
            },
            "require": {
                "components/jquery": "*"
            },
            "suggest": {
                "components/bootstrap-default": "Provide a theme for Bootstrap as components/bootstrap only provides the CSS as file assets"
            },
            "type": "component",
            "extra": {
                "component": {
                    "scripts": [
                        "js/bootstrap.js"
                    ],
                    "files": [
                        "js/bootstrap.min.js",
                        "css/*.css",
                        "img/*.png"
                    ],
                    "shim": {
                        "deps": [
                            "jquery"
                        ]
                    }
                }
            },
            "notification-url": "https://packagist.org/downloads/",
            "license": [
                "Apache-2.0"
            ],
            "authors": [
                {
                    "name": "Twitter, Inc"
                }
            ],
            "description": "Sleek, intuitive, and powerful front-end framework for faster and easier web development.",
            "homepage": "http://twitter.github.com/bootstrap/",
            "keywords": [
                "bootstrap",
                "css"
            ],
            "time": "2013-07-18T20:01:48+00:00"
        },
        {
            "name": "components/jquery",
            "version": "2.2.4",
            "source": {
                "type": "git",
                "url": "https://github.com/components/jquery.git",
                "reference": "981036fcb56668433a7eb0d1e71190324b4574df"
            },
            "dist": {
                "type": "zip",
                "url": "https://api.github.com/repos/components/jquery/zipball/981036fcb56668433a7eb0d1e71190324b4574df",
                "reference": "981036fcb56668433a7eb0d1e71190324b4574df",
                "shasum": ""
            },
            "type": "component",
            "extra": {
                "component": {
                    "scripts": [
                        "jquery.js"
                    ],
                    "files": [
                        "jquery.min.js",
                        "jquery.min.map",
                        "jquery-migrate.js",
                        "jquery-migrate.min.js"
                    ]
                }
            },
            "notification-url": "https://packagist.org/downloads/",
            "license": [
                "MIT"
            ],
            "authors": [
                {
                    "name": "John Resig",
                    "email": "jeresig@gmail.com"
                }
            ],
            "description": "jQuery JavaScript Library",
            "homepage": "http://jquery.com",
            "time": "2016-05-25T06:43:59+00:00"
        },
        {
            "name": "components/jqueryui",
            "version": "1.12.1",
            "source": {
                "type": "git",
                "url": "https://github.com/components/jqueryui.git",
                "reference": "44ecf3794cc56b65954cc19737234a3119d036cc"
            },
            "dist": {
                "type": "zip",
                "url": "https://api.github.com/repos/components/jqueryui/zipball/44ecf3794cc56b65954cc19737234a3119d036cc",
                "reference": "44ecf3794cc56b65954cc19737234a3119d036cc",
                "shasum": ""
            },
            "require": {
                "components/jquery": ">=1.6"
            },
            "type": "component",
            "extra": {
                "component": {
                    "name": "jquery-ui",
                    "scripts": [
                        "jquery-ui.js"
                    ],
                    "files": [
                        "ui/**",
                        "themes/**",
                        "jquery-ui.min.js"
                    ],
                    "shim": {
                        "deps": [
                            "jquery"
                        ],
                        "exports": "jQuery"
                    }
                }
            },
            "notification-url": "https://packagist.org/downloads/",
            "license": [
                "MIT"
            ],
            "authors": [
                {
                    "name": "jQuery UI Team",
                    "homepage": "http://jqueryui.com/about"
                },
                {
                    "name": "Joern Zaefferer",
                    "email": "joern.zaefferer@gmail.com",
                    "homepage": "http://bassistance.de"
                },
                {
                    "name": "Scott Gonzalez",
                    "email": "scott.gonzalez@gmail.com",
                    "homepage": "http://scottgonzalez.com"
                },
                {
                    "name": "Kris Borchers",
                    "email": "kris.borchers@gmail.com",
                    "homepage": "http://krisborchers.com"
                },
                {
                    "name": "Mike Sherov",
                    "email": "mike.sherov@gmail.com",
                    "homepage": "http://mike.sherov.com"
                },
                {
                    "name": "TJ VanToll",
                    "email": "tj.vantoll@gmail.com",
                    "homepage": "http://tjvantoll.com"
                },
                {
                    "name": "Corey Frang",
                    "email": "gnarf37@gmail.com",
                    "homepage": "http://gnarf.net"
                },
                {
                    "name": "Felix Nagel",
                    "email": "info@felixnagel.com",
                    "homepage": "http://www.felixnagel.com"
                }
            ],
            "description": "jQuery UI is a curated set of user interface interactions, effects, widgets, and themes built on top of the jQuery JavaScript Library. Whether you're building highly interactive web applications or you just need to add a date picker to a form control, jQuery UI is the perfect choice.",
            "time": "2016-09-16T05:47:55+00:00"
        },
        {
            "name": "ezyang/htmlpurifier",
            "version": "v4.9.3",
            "source": {
                "type": "git",
                "url": "https://github.com/ezyang/htmlpurifier.git",
                "reference": "95e1bae3182efc0f3422896a3236e991049dac69"
            },
            "dist": {
                "type": "zip",
                "url": "https://api.github.com/repos/ezyang/htmlpurifier/zipball/95e1bae3182efc0f3422896a3236e991049dac69",
                "reference": "95e1bae3182efc0f3422896a3236e991049dac69",
                "shasum": ""
            },
            "require": {
                "php": ">=5.2"
            },
            "require-dev": {
                "simpletest/simpletest": "^1.1"
            },
            "type": "library",
            "autoload": {
                "psr-0": {
                    "HTMLPurifier": "library/"
                },
                "files": [
                    "library/HTMLPurifier.composer.php"
                ]
            },
            "notification-url": "https://packagist.org/downloads/",
            "license": [
                "LGPL"
            ],
            "authors": [
                {
                    "name": "Edward Z. Yang",
                    "email": "admin@htmlpurifier.org",
                    "homepage": "http://ezyang.com"
                }
            ],
            "description": "Standards compliant HTML filter written in PHP",
            "homepage": "http://htmlpurifier.org/",
            "keywords": [
                "html"
            ],
            "time": "2017-06-03T02:28:16+00:00"
        },
        {
            "name": "html2text/html2text",
            "version": "4.1.0",
            "source": {
                "type": "git",
                "url": "https://github.com/mtibben/html2text.git",
                "reference": "bf613dc8d3389d70c891cd847954346acab16574"
            },
            "dist": {
                "type": "zip",
                "url": "https://api.github.com/repos/mtibben/html2text/zipball/bf613dc8d3389d70c891cd847954346acab16574",
                "reference": "bf613dc8d3389d70c891cd847954346acab16574",
                "shasum": ""
            },
            "require-dev": {
                "phpunit/phpunit": "~4"
            },
            "suggest": {
                "ext-mbstring": "For best performance",
                "symfony/polyfill-mbstring": "If you can't install ext-mbstring"
            },
            "type": "library",
            "autoload": {
                "psr-4": {
                    "Html2Text\\": [
                        "src/",
                        "test/"
                    ]
                }
            },
            "notification-url": "https://packagist.org/downloads/",
            "license": [
                "GPLv2"
            ],
            "description": "Converts HTML to formatted plain text",
            "time": "2017-05-15T01:50:59+00:00"
        },
        {
            "name": "michelf/php-markdown",
            "version": "1.8.0",
            "source": {
                "type": "git",
                "url": "https://github.com/michelf/php-markdown.git",
                "reference": "01ab082b355bf188d907b9929cd99b2923053495"
            },
            "dist": {
                "type": "zip",
                "url": "https://api.github.com/repos/michelf/php-markdown/zipball/01ab082b355bf188d907b9929cd99b2923053495",
                "reference": "01ab082b355bf188d907b9929cd99b2923053495",
                "shasum": ""
            },
            "require": {
                "php": ">=5.3.0"
            },
            "type": "library",
            "autoload": {
                "psr-4": {
                    "Michelf\\": "Michelf/"
                }
            },
            "notification-url": "https://packagist.org/downloads/",
            "license": [
                "BSD-3-Clause"
            ],
            "authors": [
                {
                    "name": "Michel Fortin",
                    "email": "michel.fortin@michelf.ca",
                    "homepage": "https://michelf.ca/",
                    "role": "Developer"
                },
                {
                    "name": "John Gruber",
                    "homepage": "https://daringfireball.net/"
                }
            ],
            "description": "PHP Markdown",
            "homepage": "https://michelf.ca/projects/php-markdown/",
            "keywords": [
                "markdown"
            ],
            "time": "2018-01-15T00:49:33+00:00"
        },
        {
            "name": "morrisjs/morris.js",
            "version": "0.5.1",
            "source": {
                "type": "git",
                "url": "https://github.com/picardie-nature/morris.js.git",
                "reference": "d5cf1410eda7055eaf2c7d218d4cb24ec5ed55c8"
            },
            "dist": {
                "type": "zip",
                "url": "https://api.github.com/repos/picardie-nature/morris.js/zipball/d5cf1410eda7055eaf2c7d218d4cb24ec5ed55c8",
                "reference": "d5cf1410eda7055eaf2c7d218d4cb24ec5ed55c8",
                "shasum": ""
            },
            "type": "library",
            "support": {
                "source": "https://github.com/picardie-nature/morris.js/tree/0.5.1"
            }
        },
        {
            "name": "picnat/clicnatcore",
            "version": "dev-master",
            "source": {
                "type": "git",
                "url": "https://github.com/picardie-nature/clicnat-core.git",
                "reference": "811e5e448460a6a9b051473dec06753b777ef0d1"
            },
            "dist": {
                "type": "zip",
                "url": "https://api.github.com/repos/picardie-nature/clicnat-core/zipball/811e5e448460a6a9b051473dec06753b777ef0d1",
                "reference": "811e5e448460a6a9b051473dec06753b777ef0d1",
                "shasum": ""
            },
            "require": {
                "ezyang/htmlpurifier": "^4.9",
                "html2text/html2text": "^4.1",
                "michelf/php-markdown": "^1.7",
                "roderik/pwgen-php": "^0.1.7",
                "smarty/smarty": "^3.1",
                "symfony/polyfill-mbstring": "^1.6"
            },
            "require-dev": {
                "phpunit/phpunit": "^6.5"
            },
            "type": "library",
            "autoload": {
                "psr-4": {
                    "": "src/"
                },
                "files": [
                    "src/Picnat/Clicnat/defines.php",
                    "src/Picnat/Clicnat/helpers.php",
                    "src/Picnat/Clicnat/helpers_carto.php"
                ]
            },
            "description": "clicnat core lib",
            "support": {
                "source": "https://github.com/picardie-nature/clicnat-core/tree/master",
                "issues": "https://github.com/picardie-nature/clicnat-core/issues"
            },
            "time": "2018-02-03 22:19:06"
        },
        {
            "name": "roderik/pwgen-php",
            "version": "0.1.7",
            "source": {
                "type": "git",
                "url": "https://github.com/roderik/pwgen-php.git",
                "reference": "dc432897665cfe258a1d08f0eac1784bc04f0f08"
            },
            "dist": {
                "type": "zip",
                "url": "https://api.github.com/repos/roderik/pwgen-php/zipball/dc432897665cfe258a1d08f0eac1784bc04f0f08",
                "reference": "dc432897665cfe258a1d08f0eac1784bc04f0f08",
                "shasum": ""
            },
            "require": {
                "php": ">=5.3.3"
            },
            "type": "library",
            "autoload": {
                "psr-0": {
                    "PWGen": ""
                }
            },
            "notification-url": "https://packagist.org/downloads/",
            "license": [
                "GPL"
            ],
            "authors": [
                {
                    "name": "Theodore Ts'o",
                    "email": "tytso@alum.mit.edu"
                },
                {
                    "name": "Superwayne",
                    "email": "superwayne@superwayne.org"
                }
            ],
            "description": "pwgen-php is a simple PHP class which aims to clone the GNU pwgen functionality.",
            "keywords": [
                "generator",
                "password"
            ],
            "time": "2017-08-15T07:59:33+00:00"
        },
        {
            "name": "sheillendra/raphael",
            "version": "v2.1.2",
            "source": {
                "type": "git",
                "url": "https://github.com/picardie-nature/raphael.git",
                "reference": "076969f21d02df9ca72dcf7d1bfa31ae17f3b9d3"
            },
            "dist": {
                "type": "zip",
                "url": "https://api.github.com/repos/picardie-nature/raphael/zipball/076969f21d02df9ca72dcf7d1bfa31ae17f3b9d3",
                "reference": "076969f21d02df9ca72dcf7d1bfa31ae17f3b9d3",
                "shasum": ""
            },
            "type": "library",
            "support": {
                "source": "https://github.com/picardie-nature/raphael/tree/v2.1.2"
            }
        },
        {
            "name": "smarty/smarty",
            "version": "v3.1.31",
            "source": {
                "type": "git",
                "url": "https://github.com/smarty-php/smarty.git",
                "reference": "c7d42e4a327c402897dd587871434888fde1e7a9"
            },
            "dist": {
                "type": "zip",
                "url": "https://api.github.com/repos/smarty-php/smarty/zipball/c7d42e4a327c402897dd587871434888fde1e7a9",
                "reference": "c7d42e4a327c402897dd587871434888fde1e7a9",
                "shasum": ""
            },
            "require": {
                "php": ">=5.2"
            },
            "type": "library",
            "extra": {
                "branch-alias": {
                    "dev-master": "3.1.x-dev"
                }
            },
            "autoload": {
                "files": [
                    "libs/bootstrap.php"
                ]
            },
            "notification-url": "https://packagist.org/downloads/",
            "license": [
                "LGPL-3.0"
            ],
            "authors": [
                {
                    "name": "Monte Ohrt",
                    "email": "monte@ohrt.com"
                },
                {
                    "name": "Uwe Tews",
                    "email": "uwe.tews@googlemail.com"
                },
                {
                    "name": "Rodney Rehm",
                    "email": "rodney.rehm@medialize.de"
                }
            ],
            "description": "Smarty - the compiling PHP template engine",
            "homepage": "http://www.smarty.net",
            "keywords": [
                "templating"
            ],
            "time": "2016-12-14T21:57:25+00:00"
        },
        {
            "name": "symfony/polyfill-mbstring",
            "version": "v1.7.0",
            "source": {
                "type": "git",
                "url": "https://github.com/symfony/polyfill-mbstring.git",
                "reference": "78be803ce01e55d3491c1397cf1c64beb9c1b63b"
            },
            "dist": {
                "type": "zip",
                "url": "https://api.github.com/repos/symfony/polyfill-mbstring/zipball/78be803ce01e55d3491c1397cf1c64beb9c1b63b",
                "reference": "78be803ce01e55d3491c1397cf1c64beb9c1b63b",
                "shasum": ""
            },
            "require": {
                "php": ">=5.3.3"
            },
            "suggest": {
                "ext-mbstring": "For best performance"
            },
            "type": "library",
            "extra": {
                "branch-alias": {
                    "dev-master": "1.7-dev"
                }
            },
            "autoload": {
                "psr-4": {
                    "Symfony\\Polyfill\\Mbstring\\": ""
                },
                "files": [
                    "bootstrap.php"
                ]
            },
            "notification-url": "https://packagist.org/downloads/",
            "license": [
                "MIT"
            ],
            "authors": [
                {
                    "name": "Nicolas Grekas",
                    "email": "p@tchwork.com"
                },
                {
                    "name": "Symfony Community",
                    "homepage": "https://symfony.com/contributors"
                }
            ],
            "description": "Symfony polyfill for the Mbstring extension",
            "homepage": "https://symfony.com",
            "keywords": [
                "compatibility",
                "mbstring",
                "polyfill",
                "portable",
                "shim"
            ],
            "time": "2018-01-30T19:27:44+00:00"
        }
    ],
    "packages-dev": [],
    "aliases": [],
    "minimum-stability": "stable",
    "stability-flags": {
        "picnat/clicnatcore": 20
    },
    "prefer-stable": false,
    "prefer-lowest": false,
    "platform": [],
    "platform-dev": []
}
